
Microsoft Visual Studio Solution File, Format Version 12.00
# Visual Studio Version 17
VisualStudioVersion = 17.13.35818.85
MinimumVisualStudioVersion = 10.0.40219.1
Project("{2150E333-8FDC-42A3-9474-1A3956D46DE8}") = "src", "src", "{827E0CD3-B72D-47B6-A68D-7590B98EB39B}"
EndProject
Project("{FAE04EC0-301F-11D3-BF4B-00C04F79EFBC}") = "RabbitMQStudy.API", "src\RabbitMQStudy.API\RabbitMQStudy.API.csproj", "{4F71528C-9D6D-4705-B0CE-1943DF522C44}"
EndProject
Project("{2150E333-8FDC-42A3-9474-1A3956D46DE8}") = "shared", "shared", "{4F52FD11-658E-A102-6CD3-7D7C16FFA15B}"
EndProject
Project("{FAE04EC0-301F-11D3-BF4B-00C04F79EFBC}") = "RabbitMQStudy.Domain", "shared\RabbitMQStudy.Domain\RabbitMQStudy.Domain.csproj", "{C70ECEF0-F171-4B2A-90AF-E8FD58C66B9E}"
EndProject
Project("{FAE04EC0-301F-11D3-BF4B-00C04F79EFBC}") = "RabbitMQStudy.Application", "shared\RabbitMQStudy.Application\RabbitMQStudy.Application.csproj", "{FE67B821-E9C0-4A99-B537-4B1E854F52FB}"
EndProject
Project("{FAE04EC0-301F-11D3-BF4B-00C04F79EFBC}") = "RabbitMQStudy.Infrastructure", "shared\RabbitMQStudy.Infrastructure\RabbitMQStudy.Infrastructure.csproj", "{A158E1CB-C474-43EE-94D0-BA9C11876BBB}"
EndProject
Project("{2150E333-8FDC-42A3-9474-1A3956D46DE8}") = "tools", "tools", "{07C2787E-EAC7-C090-1BA3-A61EC2A24D84}"
EndProject
Project("{FAE04EC0-301F-11D3-BF4B-00C04F79EFBC}") = "RabbitMQStudy.DLQMonitor", "tools\RabbitMQStudy.DLQMonitor\RabbitMQStudy.DLQMonitor.csproj", "{1064722C-8975-4C00-A0FB-0186EF36DDDE}"
EndProject
Project("{FAE04EC0-301F-11D3-BF4B-00C04F79EFBC}") = "RabbitMQStudy.DLQReprocessor", "tools\RabbitMQStudy.DLQReprocessor\RabbitMQStudy.DLQReprocessor.csproj", "{505F1E78-8404-445E-9B51-7280E972DC24}"
EndProject
Project("{FAE04EC0-301F-11D3-BF4B-00C04F79EFBC}") = "RabbitMQStudy.HealthChecker", "tools\RabbitMQStudy.HealthChecker\RabbitMQStudy.HealthChecker.csproj", "{617484D2-9710-4455-BE01-15D5B926AD3B}"
EndProject
Project("{FAE04EC0-301F-11D3-BF4B-00C04F79EFBC}") = "RabbitMQStudy.EmailService", "src\RabbitMQStudy.EmailService\RabbitMQStudy.EmailService.csproj", "{AE3D537C-DAA9-4365-B147-33696EBD7025}"
EndProject
Project("{FAE04EC0-301F-11D3-BF4B-00C04F79EFBC}") = "RabbitMQStudy.InventoryService", "src\RabbitMQStudy.InventoryService\RabbitMQStudy.InventoryService.csproj", "{2BA464D7-EB4D-423C-A680-EADA63753257}"
EndProject
Project("{2150E333-8FDC-42A3-9474-1A3956D46DE8}") = "tests", "tests", "{0AB3BF05-4346-4AA6-1389-037BE0695223}"
EndProject
Project("{FAE04EC0-301F-11D3-BF4B-00C04F79EFBC}") = "RabbitMQStudy.API.Tests", "tests\RabbitMQStudy.API.Tests\RabbitMQStudy.API.Tests.csproj", "{81BE68E1-56F8-4A04-B100-6AD188DE49EE}"
EndProject
Project("{FAE04EC0-301F-11D3-BF4B-00C04F79EFBC}") = "RabbitMQStudy.Application.Tests", "tests\RabbitMQStudy.Application.Tests\RabbitMQStudy.Application.Tests.csproj", "{48E403B5-63AD-43AF-B42E-5C106430B9B2}"
EndProject
Project("{FAE04EC0-301F-11D3-BF4B-00C04F79EFBC}") = "RabbitMQStudy.Infrastructure.Tests", "tests\RabbitMQStudy.Infrastructure.Tests\RabbitMQStudy.Infrastructure.Tests.csproj", "{2AACDC7A-DE7E-44DD-8DC7-7EBD7401F120}"
EndProject
Project("{FAE04EC0-301F-11D3-BF4B-00C04F79EFBC}") = "RabbitMQStudy.EmailService.Tests", "tests\RabbitMQStudy.EmailService.Tests\RabbitMQStudy.EmailService.Tests.csproj", "{2E27248C-C521-4986-9A87-02099D4E7339}"
EndProject
Project("{FAE04EC0-301F-11D3-BF4B-00C04F79EFBC}") = "RabbitMQStudy.InventoryService.Tests", "tests\RabbitMQStudy.InventoryService.Tests\RabbitMQStudy.InventoryService.Tests.csproj", "{E3C48A1F-2C21-4335-873C-D6F1545C30AA}"
EndProject
Project("{FAE04EC0-301F-11D3-BF4B-00C04F79EFBC}") = "RabbitMQStudy.IntegrationTests", "tests\RabbitMQStudy.IntegrationTests\RabbitMQStudy.IntegrationTests.csproj", "{405270AE-8635-485A-B183-E8D29E03A70F}"
EndProject
Global
	GlobalSection(SolutionConfigurationPlatforms) = preSolution
		Debug|Any CPU = Debug|Any CPU
		Debug|x64 = Debug|x64
		Debug|x86 = Debug|x86
		Release|Any CPU = Release|Any CPU
		Release|x64 = Release|x64
		Release|x86 = Release|x86
	EndGlobalSection
	GlobalSection(ProjectConfigurationPlatforms) = postSolution
		{4F71528C-9D6D-4705-B0CE-1943DF522C44}.Debug|Any CPU.ActiveCfg = Debug|Any CPU
		{4F71528C-9D6D-4705-B0CE-1943DF522C44}.Debug|Any CPU.Build.0 = Debug|Any CPU
		{4F71528C-9D6D-4705-B0CE-1943DF522C44}.Debug|x64.ActiveCfg = Debug|Any CPU
		{4F71528C-9D6D-4705-B0CE-1943DF522C44}.Debug|x64.Build.0 = Debug|Any CPU
		{4F71528C-9D6D-4705-B0CE-1943DF522C44}.Debug|x86.ActiveCfg = Debug|Any CPU
		{4F71528C-9D6D-4705-B0CE-1943DF522C44}.Debug|x86.Build.0 = Debug|Any CPU
		{4F71528C-9D6D-4705-B0CE-1943DF522C44}.Release|Any CPU.ActiveCfg = Release|Any CPU
		{4F71528C-9D6D-4705-B0CE-1943DF522C44}.Release|Any CPU.Build.0 = Release|Any CPU
		{4F71528C-9D6D-4705-B0CE-1943DF522C44}.Release|x64.ActiveCfg = Release|Any CPU
		{4F71528C-9D6D-4705-B0CE-1943DF522C44}.Release|x64.Build.0 = Release|Any CPU
		{4F71528C-9D6D-4705-B0CE-1943DF522C44}.Release|x86.ActiveCfg = Release|Any CPU
		{4F71528C-9D6D-4705-B0CE-1943DF522C44}.Release|x86.Build.0 = Release|Any CPU
		{C70ECEF0-F171-4B2A-90AF-E8FD58C66B9E}.Debug|Any CPU.ActiveCfg = Debug|Any CPU
		{C70ECEF0-F171-4B2A-90AF-E8FD58C66B9E}.Debug|Any CPU.Build.0 = Debug|Any CPU
		{C70ECEF0-F171-4B2A-90AF-E8FD58C66B9E}.Debug|x64.ActiveCfg = Debug|Any CPU
		{C70ECEF0-F171-4B2A-90AF-E8FD58C66B9E}.Debug|x64.Build.0 = Debug|Any CPU
		{C70ECEF0-F171-4B2A-90AF-E8FD58C66B9E}.Debug|x86.ActiveCfg = Debug|Any CPU
		{C70ECEF0-F171-4B2A-90AF-E8FD58C66B9E}.Debug|x86.Build.0 = Debug|Any CPU
		{C70ECEF0-F171-4B2A-90AF-E8FD58C66B9E}.Release|Any CPU.ActiveCfg = Release|Any CPU
		{C70ECEF0-F171-4B2A-90AF-E8FD58C66B9E}.Release|Any CPU.Build.0 = Release|Any CPU
		{C70ECEF0-F171-4B2A-90AF-E8FD58C66B9E}.Release|x64.ActiveCfg = Release|Any CPU
		{C70ECEF0-F171-4B2A-90AF-E8FD58C66B9E}.Release|x64.Build.0 = Release|Any CPU
		{C70ECEF0-F171-4B2A-90AF-E8FD58C66B9E}.Release|x86.ActiveCfg = Release|Any CPU
		{C70ECEF0-F171-4B2A-90AF-E8FD58C66B9E}.Release|x86.Build.0 = Release|Any CPU
		{FE67B821-E9C0-4A99-B537-4B1E854F52FB}.Debug|Any CPU.ActiveCfg = Debug|Any CPU
		{FE67B821-E9C0-4A99-B537-4B1E854F52FB}.Debug|Any CPU.Build.0 = Debug|Any CPU
		{FE67B821-E9C0-4A99-B537-4B1E854F52FB}.Debug|x64.ActiveCfg = Debug|Any CPU
		{FE67B821-E9C0-4A99-B537-4B1E854F52FB}.Debug|x64.Build.0 = Debug|Any CPU
		{FE67B821-E9C0-4A99-B537-4B1E854F52FB}.Debug|x86.ActiveCfg = Debug|Any CPU
		{FE67B821-E9C0-4A99-B537-4B1E854F52FB}.Debug|x86.Build.0 = Debug|Any CPU
		{FE67B821-E9C0-4A99-B537-4B1E854F52FB}.Release|Any CPU.ActiveCfg = Release|Any CPU
		{FE67B821-E9C0-4A99-B537-4B1E854F52FB}.Release|Any CPU.Build.0 = Release|Any CPU
		{FE67B821-E9C0-4A99-B537-4B1E854F52FB}.Release|x64.ActiveCfg = Release|Any CPU
		{FE67B821-E9C0-4A99-B537-4B1E854F52FB}.Release|x64.Build.0 = Release|Any CPU
		{FE67B821-E9C0-4A99-B537-4B1E854F52FB}.Release|x86.ActiveCfg = Release|Any CPU
		{FE67B821-E9C0-4A99-B537-4B1E854F52FB}.Release|x86.Build.0 = Release|Any CPU
		{A158E1CB-C474-43EE-94D0-BA9C11876BBB}.Debug|Any CPU.ActiveCfg = Debug|Any CPU
		{A158E1CB-C474-43EE-94D0-BA9C11876BBB}.Debug|Any CPU.Build.0 = Debug|Any CPU
		{A158E1CB-C474-43EE-94D0-BA9C11876BBB}.Debug|x64.ActiveCfg = Debug|Any CPU
		{A158E1CB-C474-43EE-94D0-BA9C11876BBB}.Debug|x64.Build.0 = Debug|Any CPU
		{A158E1CB-C474-43EE-94D0-BA9C11876BBB}.Debug|x86.ActiveCfg = Debug|Any CPU
		{A158E1CB-C474-43EE-94D0-BA9C11876BBB}.Debug|x86.Build.0 = Debug|Any CPU
		{A158E1CB-C474-43EE-94D0-BA9C11876BBB}.Release|Any CPU.ActiveCfg = Release|Any CPU
		{A158E1CB-C474-43EE-94D0-BA9C11876BBB}.Release|Any CPU.Build.0 = Release|Any CPU
		{A158E1CB-C474-43EE-94D0-BA9C11876BBB}.Release|x64.ActiveCfg = Release|Any CPU
		{A158E1CB-C474-43EE-94D0-BA9C11876BBB}.Release|x64.Build.0 = Release|Any CPU
		{A158E1CB-C474-43EE-94D0-BA9C11876BBB}.Release|x86.ActiveCfg = Release|Any CPU
		{A158E1CB-C474-43EE-94D0-BA9C11876BBB}.Release|x86.Build.0 = Release|Any CPU
		{1064722C-8975-4C00-A0FB-0186EF36DDDE}.Debug|Any CPU.ActiveCfg = Debug|Any CPU
		{1064722C-8975-4C00-A0FB-0186EF36DDDE}.Debug|Any CPU.Build.0 = Debug|Any CPU
		{1064722C-8975-4C00-A0FB-0186EF36DDDE}.Debug|x64.ActiveCfg = Debug|Any CPU
		{1064722C-8975-4C00-A0FB-0186EF36DDDE}.Debug|x64.Build.0 = Debug|Any CPU
		{1064722C-8975-4C00-A0FB-0186EF36DDDE}.Debug|x86.ActiveCfg = Debug|Any CPU
		{1064722C-8975-4C00-A0FB-0186EF36DDDE}.Debug|x86.Build.0 = Debug|Any CPU
		{1064722C-8975-4C00-A0FB-0186EF36DDDE}.Release|Any CPU.ActiveCfg = Release|Any CPU
		{1064722C-8975-4C00-A0FB-0186EF36DDDE}.Release|Any CPU.Build.0 = Release|Any CPU
		{1064722C-8975-4C00-A0FB-0186EF36DDDE}.Release|x64.ActiveCfg = Release|Any CPU
		{1064722C-8975-4C00-A0FB-0186EF36DDDE}.Release|x64.Build.0 = Release|Any CPU
		{1064722C-8975-4C00-A0FB-0186EF36DDDE}.Release|x86.ActiveCfg = Release|Any CPU
		{1064722C-8975-4C00-A0FB-0186EF36DDDE}.Release|x86.Build.0 = Release|Any CPU
		{505F1E78-8404-445E-9B51-7280E972DC24}.Debug|Any CPU.ActiveCfg = Debug|Any CPU
		{505F1E78-8404-445E-9B51-7280E972DC24}.Debug|Any CPU.Build.0 = Debug|Any CPU
		{505F1E78-8404-445E-9B51-7280E972DC24}.Debug|x64.ActiveCfg = Debug|Any CPU
		{505F1E78-8404-445E-9B51-7280E972DC24}.Debug|x64.Build.0 = Debug|Any CPU
		{505F1E78-8404-445E-9B51-7280E972DC24}.Debug|x86.ActiveCfg = Debug|Any CPU
		{505F1E78-8404-445E-9B51-7280E972DC24}.Debug|x86.Build.0 = Debug|Any CPU
		{505F1E78-8404-445E-9B51-7280E972DC24}.Release|Any CPU.ActiveCfg = Release|Any CPU
		{505F1E78-8404-445E-9B51-7280E972DC24}.Release|Any CPU.Build.0 = Release|Any CPU
		{505F1E78-8404-445E-9B51-7280E972DC24}.Release|x64.ActiveCfg = Release|Any CPU
		{505F1E78-8404-445E-9B51-7280E972DC24}.Release|x64.Build.0 = Release|Any CPU
		{505F1E78-8404-445E-9B51-7280E972DC24}.Release|x86.ActiveCfg = Release|Any CPU
		{505F1E78-8404-445E-9B51-7280E972DC24}.Release|x86.Build.0 = Release|Any CPU
		{617484D2-9710-4455-BE01-15D5B926AD3B}.Debug|Any CPU.ActiveCfg = Debug|Any CPU
		{617484D2-9710-4455-BE01-15D5B926AD3B}.Debug|Any CPU.Build.0 = Debug|Any CPU
		{617484D2-9710-4455-BE01-15D5B926AD3B}.Debug|x64.ActiveCfg = Debug|Any CPU
		{617484D2-9710-4455-BE01-15D5B926AD3B}.Debug|x64.Build.0 = Debug|Any CPU
		{617484D2-9710-4455-BE01-15D5B926AD3B}.Debug|x86.ActiveCfg = Debug|Any CPU
		{617484D2-9710-4455-BE01-15D5B926AD3B}.Debug|x86.Build.0 = Debug|Any CPU
		{617484D2-9710-4455-BE01-15D5B926AD3B}.Release|Any CPU.ActiveCfg = Release|Any CPU
		{617484D2-9710-4455-BE01-15D5B926AD3B}.Release|Any CPU.Build.0 = Release|Any CPU
		{617484D2-9710-4455-BE01-15D5B926AD3B}.Release|x64.ActiveCfg = Release|Any CPU
		{617484D2-9710-4455-BE01-15D5B926AD3B}.Release|x64.Build.0 = Release|Any CPU
		{617484D2-9710-4455-BE01-15D5B926AD3B}.Release|x86.ActiveCfg = Release|Any CPU
		{617484D2-9710-4455-BE01-15D5B926AD3B}.Release|x86.Build.0 = Release|Any CPU
		{AE3D537C-DAA9-4365-B147-33696EBD7025}.Debug|Any CPU.ActiveCfg = Debug|Any CPU
		{AE3D537C-DAA9-4365-B147-33696EBD7025}.Debug|Any CPU.Build.0 = Debug|Any CPU
		{AE3D537C-DAA9-4365-B147-33696EBD7025}.Debug|x64.ActiveCfg = Debug|Any CPU
		{AE3D537C-DAA9-4365-B147-33696EBD7025}.Debug|x64.Build.0 = Debug|Any CPU
		{AE3D537C-DAA9-4365-B147-33696EBD7025}.Debug|x86.ActiveCfg = Debug|Any CPU
		{AE3D537C-DAA9-4365-B147-33696EBD7025}.Debug|x86.Build.0 = Debug|Any CPU
		{AE3D537C-DAA9-4365-B147-33696EBD7025}.Release|Any CPU.ActiveCfg = Release|Any CPU
		{AE3D537C-DAA9-4365-B147-33696EBD7025}.Release|Any CPU.Build.0 = Release|Any CPU
		{AE3D537C-DAA9-4365-B147-33696EBD7025}.Release|x64.ActiveCfg = Release|Any CPU
		{AE3D537C-DAA9-4365-B147-33696EBD7025}.Release|x64.Build.0 = Release|Any CPU
		{AE3D537C-DAA9-4365-B147-33696EBD7025}.Release|x86.ActiveCfg = Release|Any CPU
		{AE3D537C-DAA9-4365-B147-33696EBD7025}.Release|x86.Build.0 = Release|Any CPU
		{2BA464D7-EB4D-423C-A680-EADA63753257}.Debug|Any CPU.ActiveCfg = Debug|Any CPU
		{2BA464D7-EB4D-423C-A680-EADA63753257}.Debug|Any CPU.Build.0 = Debug|Any CPU
		{2BA464D7-EB4D-423C-A680-EADA63753257}.Debug|x64.ActiveCfg = Debug|Any CPU
		{2BA464D7-EB4D-423C-A680-EADA63753257}.Debug|x64.Build.0 = Debug|Any CPU
		{2BA464D7-EB4D-423C-A680-EADA63753257}.Debug|x86.ActiveCfg = Debug|Any CPU
		{2BA464D7-EB4D-423C-A680-EADA63753257}.Debug|x86.Build.0 = Debug|Any CPU
		{2BA464D7-EB4D-423C-A680-EADA63753257}.Release|Any CPU.ActiveCfg = Release|Any CPU
		{2BA464D7-EB4D-423C-A680-EADA63753257}.Release|Any CPU.Build.0 = Release|Any CPU
		{2BA464D7-EB4D-423C-A680-EADA63753257}.Release|x64.ActiveCfg = Release|Any CPU
		{2BA464D7-EB4D-423C-A680-EADA63753257}.Release|x64.Build.0 = Release|Any CPU
		{2BA464D7-EB4D-423C-A680-EADA63753257}.Release|x86.ActiveCfg = Release|Any CPU
		{2BA464D7-EB4D-423C-A680-EADA63753257}.Release|x86.Build.0 = Release|Any CPU
		{81BE68E1-56F8-4A04-B100-6AD188DE49EE}.Debug|Any CPU.ActiveCfg = Debug|Any CPU
		{81BE68E1-56F8-4A04-B100-6AD188DE49EE}.Debug|Any CPU.Build.0 = Debug|Any CPU
		{81BE68E1-56F8-4A04-B100-6AD188DE49EE}.Debug|x64.ActiveCfg = Debug|Any CPU
		{81BE68E1-56F8-4A04-B100-6AD188DE49EE}.Debug|x64.Build.0 = Debug|Any CPU
		{81BE68E1-56F8-4A04-B100-6AD188DE49EE}.Debug|x86.ActiveCfg = Debug|Any CPU
		{81BE68E1-56F8-4A04-B100-6AD188DE49EE}.Debug|x86.Build.0 = Debug|Any CPU
		{81BE68E1-56F8-4A04-B100-6AD188DE49EE}.Release|Any CPU.ActiveCfg = Release|Any CPU
		{81BE68E1-56F8-4A04-B100-6AD188DE49EE}.Release|Any CPU.Build.0 = Release|Any CPU
		{81BE68E1-56F8-4A04-B100-6AD188DE49EE}.Release|x64.ActiveCfg = Release|Any CPU
		{81BE68E1-56F8-4A04-B100-6AD188DE49EE}.Release|x64.Build.0 = Release|Any CPU
		{81BE68E1-56F8-4A04-B100-6AD188DE49EE}.Release|x86.ActiveCfg = Release|Any CPU
		{81BE68E1-56F8-4A04-B100-6AD188DE49EE}.Release|x86.Build.0 = Release|Any CPU
		{48E403B5-63AD-43AF-B42E-5C106430B9B2}.Debug|Any CPU.ActiveCfg = Debug|Any CPU
		{48E403B5-63AD-43AF-B42E-5C106430B9B2}.Debug|Any CPU.Build.0 = Debug|Any CPU
		{48E403B5-63AD-43AF-B42E-5C106430B9B2}.Debug|x64.ActiveCfg = Debug|Any CPU
		{48E403B5-63AD-43AF-B42E-5C106430B9B2}.Debug|x64.Build.0 = Debug|Any CPU
		{48E403B5-63AD-43AF-B42E-5C106430B9B2}.Debug|x86.ActiveCfg = Debug|Any CPU
		{48E403B5-63AD-43AF-B42E-5C106430B9B2}.Debug|x86.Build.0 = Debug|Any CPU
		{48E403B5-63AD-43AF-B42E-5C106430B9B2}.Release|Any CPU.ActiveCfg = Release|Any CPU
		{48E403B5-63AD-43AF-B42E-5C106430B9B2}.Release|Any CPU.Build.0 = Release|Any CPU
		{48E403B5-63AD-43AF-B42E-5C106430B9B2}.Release|x64.ActiveCfg = Release|Any CPU
		{48E403B5-63AD-43AF-B42E-5C106430B9B2}.Release|x64.Build.0 = Release|Any CPU
		{48E403B5-63AD-43AF-B42E-5C106430B9B2}.Release|x86.ActiveCfg = Release|Any CPU
		{48E403B5-63AD-43AF-B42E-5C106430B9B2}.Release|x86.Build.0 = Release|Any CPU
		{2AACDC7A-DE7E-44DD-8DC7-7EBD7401F120}.Debug|Any CPU.ActiveCfg = Debug|Any CPU
		{2AACDC7A-DE7E-44DD-8DC7-7EBD7401F120}.Debug|Any CPU.Build.0 = Debug|Any CPU
		{2AACDC7A-DE7E-44DD-8DC7-7EBD7401F120}.Debug|x64.ActiveCfg = Debug|Any CPU
		{2AACDC7A-DE7E-44DD-8DC7-7EBD7401F120}.Debug|x64.Build.0 = Debug|Any CPU
		{2AACDC7A-DE7E-44DD-8DC7-7EBD7401F120}.Debug|x86.ActiveCfg = Debug|Any CPU
		{2AACDC7A-DE7E-44DD-8DC7-7EBD7401F120}.Debug|x86.Build.0 = Debug|Any CPU
		{2AACDC7A-DE7E-44DD-8DC7-7EBD7401F120}.Release|Any CPU.ActiveCfg = Release|Any CPU
		{2AACDC7A-DE7E-44DD-8DC7-7EBD7401F120}.Release|Any CPU.Build.0 = Release|Any CPU
		{2AACDC7A-DE7E-44DD-8DC7-7EBD7401F120}.Release|x64.ActiveCfg = Release|Any CPU
		{2AACDC7A-DE7E-44DD-8DC7-7EBD7401F120}.Release|x64.Build.0 = Release|Any CPU
		{2AACDC7A-DE7E-44DD-8DC7-7EBD7401F120}.Release|x86.ActiveCfg = Release|Any CPU
		{2AACDC7A-DE7E-44DD-8DC7-7EBD7401F120}.Release|x86.Build.0 = Release|Any CPU
		{2E27248C-C521-4986-9A87-02099D4E7339}.Debug|Any CPU.ActiveCfg = Debug|Any CPU
		{2E27248C-C521-4986-9A87-02099D4E7339}.Debug|Any CPU.Build.0 = Debug|Any CPU
		{2E27248C-C521-4986-9A87-02099D4E7339}.Debug|x64.ActiveCfg = Debug|Any CPU
		{2E27248C-C521-4986-9A87-02099D4E7339}.Debug|x64.Build.0 = Debug|Any CPU
		{2E27248C-C521-4986-9A87-02099D4E7339}.Debug|x86.ActiveCfg = Debug|Any CPU
		{2E27248C-C521-4986-9A87-02099D4E7339}.Debug|x86.Build.0 = Debug|Any CPU
		{2E27248C-C521-4986-9A87-02099D4E7339}.Release|Any CPU.ActiveCfg = Release|Any CPU
		{2E27248C-C521-4986-9A87-02099D4E7339}.Release|Any CPU.Build.0 = Release|Any CPU
		{2E27248C-C521-4986-9A87-02099D4E7339}.Release|x64.ActiveCfg = Release|Any CPU
		{2E27248C-C521-4986-9A87-02099D4E7339}.Release|x64.Build.0 = Release|Any CPU
		{2E27248C-C521-4986-9A87-02099D4E7339}.Release|x86.ActiveCfg = Release|Any CPU
		{2E27248C-C521-4986-9A87-02099D4E7339}.Release|x86.Build.0 = Release|Any CPU
		{E3C48A1F-2C21-4335-873C-D6F1545C30AA}.Debug|Any CPU.ActiveCfg = Debug|Any CPU
		{E3C48A1F-2C21-4335-873C-D6F1545C30AA}.Debug|Any CPU.Build.0 = Debug|Any CPU
		{E3C48A1F-2C21-4335-873C-D6F1545C30AA}.Debug|x64.ActiveCfg = Debug|Any CPU
		{E3C48A1F-2C21-4335-873C-D6F1545C30AA}.Debug|x64.Build.0 = Debug|Any CPU
		{E3C48A1F-2C21-4335-873C-D6F1545C30AA}.Debug|x86.ActiveCfg = Debug|Any CPU
		{E3C48A1F-2C21-4335-873C-D6F1545C30AA}.Debug|x86.Build.0 = Debug|Any CPU
		{E3C48A1F-2C21-4335-873C-D6F1545C30AA}.Release|Any CPU.ActiveCfg = Release|Any CPU
		{E3C48A1F-2C21-4335-873C-D6F1545C30AA}.Release|Any CPU.Build.0 = Release|Any CPU
		{E3C48A1F-2C21-4335-873C-D6F1545C30AA}.Release|x64.ActiveCfg = Release|Any CPU
		{E3C48A1F-2C21-4335-873C-D6F1545C30AA}.Release|x64.Build.0 = Release|Any CPU
		{E3C48A1F-2C21-4335-873C-D6F1545C30AA}.Release|x86.ActiveCfg = Release|Any CPU
		{E3C48A1F-2C21-4335-873C-D6F1545C30AA}.Release|x86.Build.0 = Release|Any CPU
		{405270AE-8635-485A-B183-E8D29E03A70F}.Debug|Any CPU.ActiveCfg = Debug|Any CPU
		{405270AE-8635-485A-B183-E8D29E03A70F}.Debug|Any CPU.Build.0 = Debug|Any CPU
		{405270AE-8635-485A-B183-E8D29E03A70F}.Debug|x64.ActiveCfg = Debug|Any CPU
		{405270AE-8635-485A-B183-E8D29E03A70F}.Debug|x64.Build.0 = Debug|Any CPU
		{405270AE-8635-485A-B183-E8D29E03A70F}.Debug|x86.ActiveCfg = Debug|Any CPU
		{405270AE-8635-485A-B183-E8D29E03A70F}.Debug|x86.Build.0 = Debug|Any CPU
		{405270AE-8635-485A-B183-E8D29E03A70F}.Release|Any CPU.ActiveCfg = Release|Any CPU
		{405270AE-8635-485A-B183-E8D29E03A70F}.Release|Any CPU.Build.0 = Release|Any CPU
		{405270AE-8635-485A-B183-E8D29E03A70F}.Release|x64.ActiveCfg = Release|Any CPU
		{405270AE-8635-485A-B183-E8D29E03A70F}.Release|x64.Build.0 = Release|Any CPU
		{405270AE-8635-485A-B183-E8D29E03A70F}.Release|x86.ActiveCfg = Release|Any CPU
		{405270AE-8635-485A-B183-E8D29E03A70F}.Release|x86.Build.0 = Release|Any CPU
	EndGlobalSection
	GlobalSection(SolutionProperties) = preSolution
		HideSolutionNode = FALSE
	EndGlobalSection
	GlobalSection(NestedProjects) = preSolution
		{4F71528C-9D6D-4705-B0CE-1943DF522C44} = {827E0CD3-B72D-47B6-A68D-7590B98EB39B}
		{C70ECEF0-F171-4B2A-90AF-E8FD58C66B9E} = {4F52FD11-658E-A102-6CD3-7D7C16FFA15B}
		{FE67B821-E9C0-4A99-B537-4B1E854F52FB} = {4F52FD11-658E-A102-6CD3-7D7C16FFA15B}
		{A158E1CB-C474-43EE-94D0-BA9C11876BBB} = {4F52FD11-658E-A102-6CD3-7D7C16FFA15B}
		{1064722C-8975-4C00-A0FB-0186EF36DDDE} = {07C2787E-EAC7-C090-1BA3-A61EC2A24D84}
		{505F1E78-8404-445E-9B51-7280E972DC24} = {07C2787E-EAC7-C090-1BA3-A61EC2A24D84}
		{617484D2-9710-4455-BE01-15D5B926AD3B} = {07C2787E-EAC7-C090-1BA3-A61EC2A24D84}
		{AE3D537C-DAA9-4365-B147-33696EBD7025} = {827E0CD3-B72D-47B6-A68D-7590B98EB39B}
		{2BA464D7-EB4D-423C-A680-EADA63753257} = {827E0CD3-B72D-47B6-A68D-7590B98EB39B}
		{81BE68E1-56F8-4A04-B100-6AD188DE49EE} = {0AB3BF05-4346-4AA6-1389-037BE0695223}
		{48E403B5-63AD-43AF-B42E-5C106430B9B2} = {0AB3BF05-4346-4AA6-1389-037BE0695223}
		{2AACDC7A-DE7E-44DD-8DC7-7EBD7401F120} = {0AB3BF05-4346-4AA6-1389-037BE0695223}
		{2E27248C-C521-4986-9A87-02099D4E7339} = {0AB3BF05-4346-4AA6-1389-037BE0695223}
		{E3C48A1F-2C21-4335-873C-D6F1545C30AA} = {0AB3BF05-4346-4AA6-1389-037BE0695223}
		{405270AE-8635-485A-B183-E8D29E03A70F} = {0AB3BF05-4346-4AA6-1389-037BE0695223}
	EndGlobalSection
	GlobalSection(ExtensibilityGlobals) = postSolution
		SolutionGuid = {2F8C25D3-E260-438C-BBA8-BD41A64999F7}
	EndGlobalSection
EndGlobal
